
Microsoft Visual Studio Solution File, Format Version 12.00
# Visual Studio 2013
VisualStudioVersion = 12.0.21005.1
MinimumVisualStudioVersion = 10.0.40219.1
Project("{FAE04EC0-301F-11D3-BF4B-00C04F79EFBC}") = "gitstatus", "gitstatus\gitstatus.csproj", "{28CAA7A6-0A05-43EF-8370-394F5721DDB1}"
EndProject
Project("{FAE04EC0-301F-11D3-BF4B-00C04F79EFBC}") = "gitdiff", "gitdiff\gitdiff.csproj", "{86452010-E9DF-46D6-8AA3-1C3BE4F1F203}"
EndProject
Global
	GlobalSection(SolutionConfigurationPlatforms) = preSolution
		Debug|Any CPU = Debug|Any CPU
		Release|Any CPU = Release|Any CPU
	EndGlobalSection
	GlobalSection(ProjectConfigurationPlatforms) = postSolution
		{28CAA7A6-0A05-43EF-8370-394F5721DDB1}.Debug|Any CPU.ActiveCfg = Debug|Any CPU
		{28CAA7A6-0A05-43EF-8370-394F5721DDB1}.Debug|Any CPU.Build.0 = Debug|Any CPU
		{28CAA7A6-0A05-43EF-8370-394F5721DDB1}.Release|Any CPU.ActiveCfg = Release|Any CPU
		{28CAA7A6-0A05-43EF-8370-394F5721DDB1}.Release|Any CPU.Build.0 = Release|Any CPU
		{86452010-E9DF-46D6-8AA3-1C3BE4F1F203}.Debug|Any CPU.ActiveCfg = Debug|Any CPU
		{86452010-E9DF-46D6-8AA3-1C3BE4F1F203}.Debug|Any CPU.Build.0 = Debug|Any CPU
		{86452010-E9DF-46D6-8AA3-1C3BE4F1F203}.Release|Any CPU.ActiveCfg = Release|Any CPU
		{86452010-E9DF-46D6-8AA3-1C3BE4F1F203}.Release|Any CPU.Build.0 = Release|Any CPU
	EndGlobalSection
	GlobalSection(SolutionProperties) = preSolution
		HideSolutionNode = FALSE
	EndGlobalSection
EndGlobal
